// !$*UTF8*$!
{
	archiveVersion = 1;
	classes = {
	};
	objectVersion = 46;
	objects = {

/* Begin PBXBuildFile section */
		1A28FAD81CD3B51E004C703E /* Main.storyboard in Resources */ = {isa = PBXBuildFile; fileRef = 1A28FAD61CD3B51E004C703E /* Main.storyboard */; };
		1AE93A9E1CD36479007F69C1 /* main.m in Sources */ = {isa = PBXBuildFile; fileRef = 1AE93A9D1CD36479007F69C1 /* main.m */; };
		1AE93AA11CD36479007F69C1 /* AppDelegate.m in Sources */ = {isa = PBXBuildFile; fileRef = 1AE93AA01CD36479007F69C1 /* AppDelegate.m */; };
		1AE93AA91CD36479007F69C1 /* Assets.xcassets in Resources */ = {isa = PBXBuildFile; fileRef = 1AE93AA81CD36479007F69C1 /* Assets.xcassets */; };
		1AE93AAC1CD36479007F69C1 /* LaunchScreen.storyboard in Resources */ = {isa = PBXBuildFile; fileRef = 1AE93AAA1CD36479007F69C1 /* LaunchScreen.storyboard */; };
/* End PBXBuildFile section */

/* Begin PBXFileReference section */
		1A28FAD71CD3B51E004C703E /* Base */ = {isa = PBXFileReference; lastKnownFileType = file.storyboard; name = Base; path = Base.lproj/Main.storyboard; sourceTree = "<group>"; };
		1AE93A991CD36479007F69C1 /* 微信电话本-主流框架.app */ = {isa = PBXFileReference; explicitFileType = wrapper.application; includeInIndex = 0; path = "微信电话本-主流框架.app"; sourceTree = BUILT_PRODUCTS_DIR; };
		1AE93A9D1CD36479007F69C1 /* main.m */ = {isa = PBXFileReference; lastKnownFileType = sourcecode.c.objc; path = main.m; sourceTree = "<group>"; };
		1AE93A9F1CD36479007F69C1 /* AppDelegate.h */ = {isa = PBXFileReference; lastKnownFileType = sourcecode.c.h; path = AppDelegate.h; sourceTree = "<group>"; };
		1AE93AA01CD36479007F69C1 /* AppDelegate.m */ = {isa = PBXFileReference; lastKnownFileType = sourcecode.c.objc; path = AppDelegate.m; sourceTree = "<group>"; };
		1AE93AA81CD36479007F69C1 /* Assets.xcassets */ = {isa = PBXFileReference; lastKnownFileType = folder.assetcatalog; path = Assets.xcassets; sourceTree = "<group>"; };
		1AE93AAB1CD36479007F69C1 /* Base */ = {isa = PBXFileReference; lastKnownFileType = file.storyboard; name = Base; path = Base.lproj/LaunchScreen.storyboard; sourceTree = "<group>"; };
		1AE93AAD1CD36479007F69C1 /* Info.plist */ = {isa = PBXFileReference; lastKnownFileType = text.plist.xml; path = Info.plist; sourceTree = "<group>"; };
/* End PBXFileReference section */

/* Begin PBXFrameworksBuildPhase section */
		1AE93A961CD36479007F69C1 /* Frameworks */ = {
			isa = PBXFrameworksBuildPhase;
			buildActionMask = 2147483647;
			files = (
			);
			runOnlyForDeploymentPostprocessing = 0;
		};
/* End PBXFrameworksBuildPhase section */

/* Begin PBXGroup section */
		1AE93A901CD36479007F69C1 = {
			isa = PBXGroup;
			children = (
				1AE93A9B1CD36479007F69C1 /* 微信电话本-主流框架 */,
				1AE93A9A1CD36479007F69C1 /* Products */,
			);
			sourceTree = "<group>";
		};
		1AE93A9A1CD36479007F69C1 /* Products */ = {
			isa = PBXGroup;
			children = (
				1AE93A991CD36479007F69C1 /* 微信电话本-主流框架.app */,
			);
			name = Products;
			sourceTree = "<group>";
		};
		1AE93A9B1CD36479007F69C1 /* 微信电话本-主流框架 */ = {
			isa = PBXGroup;
			children = (
				1AE93A9F1CD36479007F69C1 /* AppDelegate.h */,
				1AE93AA01CD36479007F69C1 /* AppDelegate.m */,
				1A28FAD61CD3B51E004C703E /* Main.storyboard */,
				1AE93AA81CD36479007F69C1 /* Assets.xcassets */,
				1AE93AAA1CD36479007F69C1 /* LaunchScreen.storyboard */,
				1AE93AAD1CD36479007F69C1 /* Info.plist */,
				1AE93A9C1CD36479007F69C1 /* Supporting Files */,
			);
			path = "微信电话本-主流框架";
			sourceTree = "<group>";
		};
		1AE93A9C1CD36479007F69C1 /* Supporting Files */ = {
			isa = PBXGroup;
			children = (
				1AE93A9D1CD36479007F69C1 /* main.m */,
			);
			name = "Supporting Files";
			sourceTree = "<group>";
		};
/* End PBXGroup section */

/* Begin PBXNativeTarget section */
		1AE93A981CD36479007F69C1 /* 微信电话本-主流框架 */ = {
			isa = PBXNativeTarget;
			buildConfigurationList = 1AE93AB01CD36479007F69C1 /* Build configuration list for PBXNativeTarget "微信电话本-主流框架" */;
			buildPhases = (
				1AE93A951CD36479007F69C1 /* Sources */,
				1AE93A961CD36479007F69C1 /* Frameworks */,
				1AE93A971CD36479007F69C1 /* Resources */,
			);
			buildRules = (
			);
			dependencies = (
			);
			name = "微信电话本-主流框架";
			productName = "微信电话本-主流框架";
			productReference = 1AE93A991CD36479007F69C1 /* 微信电话本-主流框架.app */;
			productType = "com.apple.product-type.application";
		};
/* End PBXNativeTarget section */

/* Begin PBXProject section */
		1AE93A911CD36479007F69C1 /* Project object */ = {
			isa = PBXProject;
			attributes = {
				LastUpgradeCheck = 0730;
				ORGANIZATIONNAME = wzpnyg;
				TargetAttributes = {
					1AE93A981CD36479007F69C1 = {
						CreatedOnToolsVersion = 7.3;
						DevelopmentTeam = PHM8Y5DP28;
					};
				};
			};
			buildConfigurationList = 1AE93A941CD36479007F69C1 /* Build configuration list for PBXProject "微信电话本-主流框架" */;
			compatibilityVersion = "Xcode 3.2";
			developmentRegion = English;
			hasScannedForEncodings = 0;
			knownRegions = (
				en,
				Base,
			);
			mainGroup = 1AE93A901CD36479007F69C1;
			productRefGroup = 1AE93A9A1CD36479007F69C1 /* Products */;
			projectDirPath = "";
			projectRoot = "";
			targets = (
				1AE93A981CD36479007F69C1 /* 微信电话本-主流框架 */,
			);
		};
/* End PBXProject section */

/* Begin PBXResourcesBuildPhase section */
		1AE93A971CD36479007F69C1 /* Resources */ = {
			isa = PBXResourcesBuildPhase;
			buildActionMask = 2147483647;
			files = (
				1A28FAD81CD3B51E004C703E /* Main.storyboard in Resources */,
				1AE93AAC1CD36479007F69C1 /* LaunchScreen.storyboard in Resources */,
				1AE93AA91CD36479007F69C1 /* Assets.xcassets in Resources */,
			);
			runOnlyForDeploymentPostprocessing = 0;
		};
/* End PBXResourcesBuildPhase section */

/* Begin PBXSourcesBuildPhase section */
		1AE93A951CD36479007F69C1 /* Sources */ = {
			isa = PBXSourcesBuildPhase;
			buildActionMask = 2147483647;
			files = (
				1AE93AA11CD36479007F69C1 /* AppDelegate.m in Sources */,
				1AE93A9E1CD36479007F69C1 /* main.m in Sources */,
			);
			runOnlyForDeploymentPostprocessing = 0;
		};
/* End PBXSourcesBuildPhase section */

/* Begin PBXVariantGroup section */
		1A28FAD61CD3B51E004C703E /* Main.storyboard */ = {
			isa = PBXVariantGroup;
			children = (
				1A28FAD71CD3B51E004C703E /* Base */,
			);
			name = Main.storyboard;
			sourceTree = "<group>";
		};
		1AE93AAA1CD36479007F69C1 /* LaunchScreen.storyboard */ = {
			isa = PBXVariantGroup;
			children = (
				1AE93AAB1CD36479007F69C1 /* Base */,
			);
			name = LaunchScreen.storyboard;
			sourceTree = "<group>";
		};
/* End PBXVariantGroup section */

/* Begin XCBuildConfiguration section */
		1AE93AAE1CD36479007F69C1 /* Debug */ = {
			isa = XCBuildConfiguration;
			buildSettings = {
				ALWAYS_SEARCH_USER_PATHS = NO;
				CLANG_ANALYZER_NONNULL = YES;
				CLANG_CXX_LANGUAGE_STANDARD = "gnu++0x";
				CLANG_CXX_LIBRARY = "libc++";
				CLANG_ENABLE_MODULES = YES;
				CLANG_ENABLE_OBJC_ARC = YES;
				CLANG_WARN_BOOL_CONVERSION = YES;
				CLANG_WARN_CONSTANT_CONVERSION = YES;
				CLANG_WARN_DIRECT_OBJC_ISA_USAGE = YES_ERROR;
				CLANG_WARN_EMPTY_BODY = YES;
				CLANG_WARN_ENUM_CONVERSION = YES;
				CLANG_WARN_INT_CONVERSION = YES;
				CLANG_WARN_OBJC_ROOT_CLASS = YES_ERROR;
				CLANG_WARN_UNREACHABLE_CODE = YES;
				CLANG_WARN__DUPLICATE_METHOD_MATCH = YES;
				"CODE_SIGN_IDENTITY[sdk=iphoneos*]" = "iPhone Developer";
				COPY_PHASE_STRIP = NO;
				DEBUG_INFORMATION_FORMAT = dwarf;
				ENABLE_STRICT_OBJC_MSGSEND = YES;
				ENABLE_TESTABILITY = YES;
				GCC_C_LANGUAGE_STANDARD = gnu99;
				GCC_DYNAMIC_NO_PIC = NO;
				GCC_NO_COMMON_BLOCKS = YES;
				GCC_OPTIMIZATION_LEVEL = 0;
				GCC_PREPROCESSOR_DEFINITIONS = (
					"DEBUG=1",
					"$(inherited)",
				);
				GCC_WARN_64_TO_32_BIT_CONVERSION = YES;
				GCC_WARN_ABOUT_RETURN_TYPE = YES_ERROR;
				GCC_WARN_UNDECLARED_SELECTOR = YES;
				GCC_WARN_UNINITIALIZED_AUTOS = YES_AGGRESSIVE;
				GCC_WARN_UNUSED_FUNCTION = YES;
				GCC_WARN_UNUSED_VARIABLE = YES;
				IPHONEOS_DEPLOYMENT_TARGET = 9.3;
				MTL_ENABLE_DEBUG_INFO = YES;
				ONLY_ACTIVE_ARCH = YES;
				SDKROOT = iphoneos;
			};
			name = Debug;
		};
		1AE93AAF1CD36479007F69C1 /* Release */ = {
			isa = XCBuildConfiguration;
			buildSettings = {
				ALWAYS_SEARCH_USER_PATHS = NO;
				CLANG_ANALYZER_NONNULL = YES;
				CLANG_CXX_LANGUAGE_STANDARD = "gnu++0x";
				CLANG_CXX_LIBRARY = "libc++";
				CLANG_ENABLE_MODULES = YES;
				CLANG_ENABLE_OBJC_ARC = YES;
				CLANG_WARN_BOOL_CONVERSION = YES;
				CLANG_WARN_CONSTANT_CONVERSION = YES;
				CLANG_WARN_DIRECT_OBJC_ISA_USAGE = YES_ERROR;
				CLANG_WARN_EMPTY_BODY = YES;
				CLANG_WARN_ENUM_CONVERSION = YES;
				CLANG_WARN_INT_CONVERSION = YES;
				CLANG_WARN_OBJC_ROOT_CLASS = YES_ERROR;
				CLANG_WARN_UNREACHABLE_CODE = YES;
				CLANG_WARN__DUPLICATE_METHOD_MATCH = YES;
				"CODE_SIGN_IDENTITY[sdk=iphoneos*]" = "iPhone Developer";
				COPY_PHASE_STRIP = NO;
				DEBUG_INFORMATION_FORMAT = "dwarf-with-dsym";
				ENABLE_NS_ASSERTIONS = NO;
				ENABLE_STRICT_OBJC_MSGSEND = YES;
				GCC_C_LANGUAGE_STANDARD = gnu99;
				GCC_NO_COMMON_BLOCKS = YES;
				GCC_WARN_64_TO_32_BIT_CONVERSION = YES;
				GCC_WARN_ABOUT_RETURN_TYPE = YES_ERROR;
				GCC_WARN_UNDECLARED_SELECTOR = YES;
				GCC_WARN_UNINITIALIZED_AUTOS = YES_AGGRESSIVE;
				GCC_WARN_UNUSED_FUNCTION = YES;
				GCC_WARN_UNUSED_VARIABLE = YES;
				IPHONEOS_DEPLOYMENT_TARGET = 9.3;
				MTL_ENABLE_DEBUG_INFO = NO;
				SDKROOT = iphoneos;
				VALIDATE_PRODUCT = YES;
			};
			name = Release;
		};
		1AE93AB11CD36479007F69C1 /* Debug */ = {
			isa = XCBuildConfiguration;
			buildSettings = {
				ASSETCATALOG_COMPILER_APPICON_NAME = AppIcon;
				ASSETCATALOG_COMPILER_LAUNCHIMAGE_NAME = "Brand Assets";
				INFOPLIST_FILE = "微信电话本-主流框架/Info.plist";
				LD_RUNPATH_SEARCH_PATHS = "$(inherited) @executable_path/Frameworks";
				PRODUCT_BUNDLE_IDENTIFIER = "com.wzpnyg.----------";
				PRODUCT_NAME = "$(TARGET_NAME)";
			};
			name = Debug;
		};
		1AE93AB21CD36479007F69C1 /* Release */ = {
			isa = XCBuildConfiguration;
			buildSettings = {
				ASSETCATALOG_COMPILER_APPICON_NAME = AppIcon;
				ASSETCATALOG_COMPILER_LAUNCHIMAGE_NAME = "Brand Assets";
				INFOPLIST_FILE = "微信电话本-主流框架/Info.plist";
				LD_RUNPATH_SEARCH_PATHS = "$(inherited) @executable_path/Frameworks";
				PRODUCT_BUNDLE_IDENTIFIER = "com.wzpnyg.----------";
				PRODUCT_NAME = "$(TARGET_NAME)";
			};
			name = Release;
		};
/* End XCBuildConfiguration section */

/* Begin XCConfigurationList section */
		1AE93A941CD36479007F69C1 /* Build configuration list for PBXProject "微信电话本-主流框架" */ = {
			isa = XCConfigurationList;
			buildConfigurations = (
				1AE93AAE1CD36479007F69C1 /* Debug */,
				1AE93AAF1CD36479007F69C1 /* Release */,
			);
			defaultConfigurationIsVisible = 0;
			defaultConfigurationName = Release;
		};
		1AE93AB01CD36479007F69C1 /* Build configuration list for PBXNativeTarget "微信电话本-主流框架" */ = {
			isa = XCConfigurationList;
			buildConfigurations = (
				1AE93AB11CD36479007F69C1 /* Debug */,
				1AE93AB21CD36479007F69C1 /* Release */,
			);
			defaultConfigurationIsVisible = 0;
			defaultConfigurationName = Release;
		};
/* End XCConfigurationList section */
	};
	rootObject = 1AE93A911CD36479007F69C1 /* Project object */;
}
